
Microsoft Visual Studio Solution File, Format Version 12.00
# Visual Studio 15
VisualStudioVersion = 15.0.28307.779
MinimumVisualStudioVersion = 10.0.40219.1
Project("{8BC9CEB8-8B4A-11D0-8D11-00A0C91BC942}") = "2020_6_29", "2020_6_29\2020_6_29.vcxproj", "{5A6369AC-916A-4BD1-A22F-129BA7CCEACD}"
EndProject
Global
	GlobalSection(SolutionConfigurationPlatforms) = preSolution
		Debug|x64 = Debug|x64
		Debug|x86 = Debug|x86
		Release|x64 = Release|x64
		Release|x86 = Release|x86
	EndGlobalSection
	GlobalSection(ProjectConfigurationPlatforms) = postSolution
		{5A6369AC-916A-4BD1-A22F-129BA7CCEACD}.Debug|x64.ActiveCfg = Debug|x64
		{5A6369AC-916A-4BD1-A22F-129BA7CCEACD}.Debug|x64.Build.0 = Debug|x64
		{5A6369AC-916A-4BD1-A22F-129BA7CCEACD}.Debug|x86.ActiveCfg = Debug|Win32
		{5A6369AC-916A-4BD1-A22F-129BA7CCEACD}.Debug|x86.Build.0 = Debug|Win32
		{5A6369AC-916A-4BD1-A22F-129BA7CCEACD}.Release|x64.ActiveCfg = Release|x64
		{5A6369AC-916A-4BD1-A22F-129BA7CCEACD}.Release|x64.Build.0 = Release|x64
		{5A6369AC-916A-4BD1-A22F-129BA7CCEACD}.Release|x86.ActiveCfg = Release|Win32
		{5A6369AC-916A-4BD1-A22F-129BA7CCEACD}.Release|x86.Build.0 = Release|Win32
	EndGlobalSection
	GlobalSection(SolutionProperties) = preSolution
		HideSolutionNode = FALSE
	EndGlobalSection
	GlobalSection(ExtensibilityGlobals) = postSolution
		SolutionGuid = {F8331CBA-7A00-4F90-AD8A-2D12CC48A403}
	EndGlobalSection
EndGlobal
