
Microsoft Visual Studio Solution File, Format Version 12.00
# Visual Studio 15
VisualStudioVersion = 15.0.28307.779
MinimumVisualStudioVersion = 10.0.40219.1
Project("{8BC9CEB8-8B4A-11D0-8D11-00A0C91BC942}") = "2020_4_27", "2020_4_27\2020_4_27.vcxproj", "{39478D1B-D98B-4A4A-811D-D8D260645BF7}"
EndProject
Global
	GlobalSection(SolutionConfigurationPlatforms) = preSolution
		Debug|x64 = Debug|x64
		Debug|x86 = Debug|x86
		Release|x64 = Release|x64
		Release|x86 = Release|x86
	EndGlobalSection
	GlobalSection(ProjectConfigurationPlatforms) = postSolution
		{39478D1B-D98B-4A4A-811D-D8D260645BF7}.Debug|x64.ActiveCfg = Debug|x64
		{39478D1B-D98B-4A4A-811D-D8D260645BF7}.Debug|x64.Build.0 = Debug|x64
		{39478D1B-D98B-4A4A-811D-D8D260645BF7}.Debug|x86.ActiveCfg = Debug|Win32
		{39478D1B-D98B-4A4A-811D-D8D260645BF7}.Debug|x86.Build.0 = Debug|Win32
		{39478D1B-D98B-4A4A-811D-D8D260645BF7}.Release|x64.ActiveCfg = Release|x64
		{39478D1B-D98B-4A4A-811D-D8D260645BF7}.Release|x64.Build.0 = Release|x64
		{39478D1B-D98B-4A4A-811D-D8D260645BF7}.Release|x86.ActiveCfg = Release|Win32
		{39478D1B-D98B-4A4A-811D-D8D260645BF7}.Release|x86.Build.0 = Release|Win32
	EndGlobalSection
	GlobalSection(SolutionProperties) = preSolution
		HideSolutionNode = FALSE
	EndGlobalSection
	GlobalSection(ExtensibilityGlobals) = postSolution
		SolutionGuid = {F9C741F5-60A2-48CB-8FD3-B8DAC9099665}
	EndGlobalSection
EndGlobal
