
Microsoft Visual Studio Solution File, Format Version 12.00
# Visual Studio 15
VisualStudioVersion = 15.0.28307.779
MinimumVisualStudioVersion = 10.0.40219.1
Project("{8BC9CEB8-8B4A-11D0-8D11-00A0C91BC942}") = "2020_2_8", "2020_2_8\2020_2_8.vcxproj", "{D0ED04C6-E0C9-4569-9202-64A4D3219620}"
EndProject
Global
	GlobalSection(SolutionConfigurationPlatforms) = preSolution
		Debug|x64 = Debug|x64
		Debug|x86 = Debug|x86
		Release|x64 = Release|x64
		Release|x86 = Release|x86
	EndGlobalSection
	GlobalSection(ProjectConfigurationPlatforms) = postSolution
		{D0ED04C6-E0C9-4569-9202-64A4D3219620}.Debug|x64.ActiveCfg = Debug|x64
		{D0ED04C6-E0C9-4569-9202-64A4D3219620}.Debug|x64.Build.0 = Debug|x64
		{D0ED04C6-E0C9-4569-9202-64A4D3219620}.Debug|x86.ActiveCfg = Debug|Win32
		{D0ED04C6-E0C9-4569-9202-64A4D3219620}.Debug|x86.Build.0 = Debug|Win32
		{D0ED04C6-E0C9-4569-9202-64A4D3219620}.Release|x64.ActiveCfg = Release|x64
		{D0ED04C6-E0C9-4569-9202-64A4D3219620}.Release|x64.Build.0 = Release|x64
		{D0ED04C6-E0C9-4569-9202-64A4D3219620}.Release|x86.ActiveCfg = Release|Win32
		{D0ED04C6-E0C9-4569-9202-64A4D3219620}.Release|x86.Build.0 = Release|Win32
	EndGlobalSection
	GlobalSection(SolutionProperties) = preSolution
		HideSolutionNode = FALSE
	EndGlobalSection
	GlobalSection(ExtensibilityGlobals) = postSolution
		SolutionGuid = {3CEBD34E-53CF-4B46-AAF6-71A0A3941F4D}
	EndGlobalSection
EndGlobal
