
Microsoft Visual Studio Solution File, Format Version 12.00
# Visual Studio 15
VisualStudioVersion = 15.0.28307.779
MinimumVisualStudioVersion = 10.0.40219.1
Project("{8BC9CEB8-8B4A-11D0-8D11-00A0C91BC942}") = "2020_2_9", "2020_2_9\2020_2_9.vcxproj", "{CB54DFDA-1C34-4246-8119-92D265FA9473}"
EndProject
Global
	GlobalSection(SolutionConfigurationPlatforms) = preSolution
		Debug|x64 = Debug|x64
		Debug|x86 = Debug|x86
		Release|x64 = Release|x64
		Release|x86 = Release|x86
	EndGlobalSection
	GlobalSection(ProjectConfigurationPlatforms) = postSolution
		{CB54DFDA-1C34-4246-8119-92D265FA9473}.Debug|x64.ActiveCfg = Debug|x64
		{CB54DFDA-1C34-4246-8119-92D265FA9473}.Debug|x64.Build.0 = Debug|x64
		{CB54DFDA-1C34-4246-8119-92D265FA9473}.Debug|x86.ActiveCfg = Debug|Win32
		{CB54DFDA-1C34-4246-8119-92D265FA9473}.Debug|x86.Build.0 = Debug|Win32
		{CB54DFDA-1C34-4246-8119-92D265FA9473}.Release|x64.ActiveCfg = Release|x64
		{CB54DFDA-1C34-4246-8119-92D265FA9473}.Release|x64.Build.0 = Release|x64
		{CB54DFDA-1C34-4246-8119-92D265FA9473}.Release|x86.ActiveCfg = Release|Win32
		{CB54DFDA-1C34-4246-8119-92D265FA9473}.Release|x86.Build.0 = Release|Win32
	EndGlobalSection
	GlobalSection(SolutionProperties) = preSolution
		HideSolutionNode = FALSE
	EndGlobalSection
	GlobalSection(ExtensibilityGlobals) = postSolution
		SolutionGuid = {044570BE-0077-4DCC-9215-30AF4CAA7C7D}
	EndGlobalSection
EndGlobal
