
Microsoft Visual Studio Solution File, Format Version 12.00
# Visual Studio 15
VisualStudioVersion = 15.0.28307.779
MinimumVisualStudioVersion = 10.0.40219.1
Project("{8BC9CEB8-8B4A-11D0-8D11-00A0C91BC942}") = "Game1", "Game1\Game1.vcxproj", "{B6E0BFB8-3FE6-4903-812D-5723C7958621}"
EndProject
Global
	GlobalSection(SolutionConfigurationPlatforms) = preSolution
		Debug|x64 = Debug|x64
		Debug|x86 = Debug|x86
		Release|x64 = Release|x64
		Release|x86 = Release|x86
	EndGlobalSection
	GlobalSection(ProjectConfigurationPlatforms) = postSolution
		{B6E0BFB8-3FE6-4903-812D-5723C7958621}.Debug|x64.ActiveCfg = Debug|x64
		{B6E0BFB8-3FE6-4903-812D-5723C7958621}.Debug|x64.Build.0 = Debug|x64
		{B6E0BFB8-3FE6-4903-812D-5723C7958621}.Debug|x86.ActiveCfg = Debug|Win32
		{B6E0BFB8-3FE6-4903-812D-5723C7958621}.Debug|x86.Build.0 = Debug|Win32
		{B6E0BFB8-3FE6-4903-812D-5723C7958621}.Release|x64.ActiveCfg = Release|x64
		{B6E0BFB8-3FE6-4903-812D-5723C7958621}.Release|x64.Build.0 = Release|x64
		{B6E0BFB8-3FE6-4903-812D-5723C7958621}.Release|x86.ActiveCfg = Release|Win32
		{B6E0BFB8-3FE6-4903-812D-5723C7958621}.Release|x86.Build.0 = Release|Win32
	EndGlobalSection
	GlobalSection(SolutionProperties) = preSolution
		HideSolutionNode = FALSE
	EndGlobalSection
	GlobalSection(ExtensibilityGlobals) = postSolution
		SolutionGuid = {46FAE6A9-996C-454E-BC85-57B7D536A359}
	EndGlobalSection
EndGlobal
