
Microsoft Visual Studio Solution File, Format Version 12.00
# Visual Studio 15
VisualStudioVersion = 15.0.28307.779
MinimumVisualStudioVersion = 10.0.40219.1
Project("{8BC9CEB8-8B4A-11D0-8D11-00A0C91BC942}") = "2020_7_7", "2020_7_7\2020_7_7.vcxproj", "{954A380E-6CA7-41EB-A284-5B97DD8E0AEA}"
EndProject
Global
	GlobalSection(SolutionConfigurationPlatforms) = preSolution
		Debug|x64 = Debug|x64
		Debug|x86 = Debug|x86
		Release|x64 = Release|x64
		Release|x86 = Release|x86
	EndGlobalSection
	GlobalSection(ProjectConfigurationPlatforms) = postSolution
		{954A380E-6CA7-41EB-A284-5B97DD8E0AEA}.Debug|x64.ActiveCfg = Debug|x64
		{954A380E-6CA7-41EB-A284-5B97DD8E0AEA}.Debug|x64.Build.0 = Debug|x64
		{954A380E-6CA7-41EB-A284-5B97DD8E0AEA}.Debug|x86.ActiveCfg = Debug|Win32
		{954A380E-6CA7-41EB-A284-5B97DD8E0AEA}.Debug|x86.Build.0 = Debug|Win32
		{954A380E-6CA7-41EB-A284-5B97DD8E0AEA}.Release|x64.ActiveCfg = Release|x64
		{954A380E-6CA7-41EB-A284-5B97DD8E0AEA}.Release|x64.Build.0 = Release|x64
		{954A380E-6CA7-41EB-A284-5B97DD8E0AEA}.Release|x86.ActiveCfg = Release|Win32
		{954A380E-6CA7-41EB-A284-5B97DD8E0AEA}.Release|x86.Build.0 = Release|Win32
	EndGlobalSection
	GlobalSection(SolutionProperties) = preSolution
		HideSolutionNode = FALSE
	EndGlobalSection
	GlobalSection(ExtensibilityGlobals) = postSolution
		SolutionGuid = {3FFDE296-5CD0-4E0F-A17F-04AD7DA4E9AC}
	EndGlobalSection
EndGlobal
