
Microsoft Visual Studio Solution File, Format Version 12.00
# Visual Studio 15
VisualStudioVersion = 15.0.28307.779
MinimumVisualStudioVersion = 10.0.40219.1
Project("{8BC9CEB8-8B4A-11D0-8D11-00A0C91BC942}") = "2020_2_21", "2020_2_21\2020_2_21.vcxproj", "{D981D8B7-6DCB-46B0-B20B-F4A2759AD5D8}"
EndProject
Global
	GlobalSection(SolutionConfigurationPlatforms) = preSolution
		Debug|x64 = Debug|x64
		Debug|x86 = Debug|x86
		Release|x64 = Release|x64
		Release|x86 = Release|x86
	EndGlobalSection
	GlobalSection(ProjectConfigurationPlatforms) = postSolution
		{D981D8B7-6DCB-46B0-B20B-F4A2759AD5D8}.Debug|x64.ActiveCfg = Debug|x64
		{D981D8B7-6DCB-46B0-B20B-F4A2759AD5D8}.Debug|x64.Build.0 = Debug|x64
		{D981D8B7-6DCB-46B0-B20B-F4A2759AD5D8}.Debug|x86.ActiveCfg = Debug|Win32
		{D981D8B7-6DCB-46B0-B20B-F4A2759AD5D8}.Debug|x86.Build.0 = Debug|Win32
		{D981D8B7-6DCB-46B0-B20B-F4A2759AD5D8}.Release|x64.ActiveCfg = Release|x64
		{D981D8B7-6DCB-46B0-B20B-F4A2759AD5D8}.Release|x64.Build.0 = Release|x64
		{D981D8B7-6DCB-46B0-B20B-F4A2759AD5D8}.Release|x86.ActiveCfg = Release|Win32
		{D981D8B7-6DCB-46B0-B20B-F4A2759AD5D8}.Release|x86.Build.0 = Release|Win32
	EndGlobalSection
	GlobalSection(SolutionProperties) = preSolution
		HideSolutionNode = FALSE
	EndGlobalSection
	GlobalSection(ExtensibilityGlobals) = postSolution
		SolutionGuid = {1B644451-8AC3-451E-A676-5194E68C52B2}
	EndGlobalSection
EndGlobal
